// !$*UTF8*$!
{
	archiveVersion = 1;
	classes = {
	};
	objectVersion = 55;
	objects = {

/* Begin PBXBuildFile section */
		23206CC249DEE39ADAB6F49E /* Pods_Pro_Found.framework in Frameworks */ = {isa = PBXBuildFile; fileRef = 2D15E286ACD9EED7E94C5765 /* Pods_Pro_Found.framework */; };
		B801886F2864AB8E009A6472 /* UserProfileListTableViewCell.swift in Sources */ = {isa = PBXBuildFile; fileRef = B801886E2864AB8E009A6472 /* UserProfileListTableViewCell.swift */; };
		B801887128657C5D009A6472 /* TutorListViewController.swift in Sources */ = {isa = PBXBuildFile; fileRef = B801887028657C5D009A6472 /* TutorListViewController.swift */; };
		B80188752866D114009A6472 /* ChooseSubjectUICollectionViewCell.swift in Sources */ = {isa = PBXBuildFile; fileRef = B80188742866D114009A6472 /* ChooseSubjectUICollectionViewCell.swift */; };
		B80188772867350B009A6472 /* HudView.swift in Sources */ = {isa = PBXBuildFile; fileRef = B80188762867350B009A6472 /* HudView.swift */; };
		B80188792868B6C0009A6472 /* InitialEditProfileVC.swift in Sources */ = {isa = PBXBuildFile; fileRef = B80188782868B6C0009A6472 /* InitialEditProfileVC.swift */; };
		B801887D2869FC23009A6472 /* PopUpAskToLoginController.swift in Sources */ = {isa = PBXBuildFile; fileRef = B801887C2869FC23009A6472 /* PopUpAskToLoginController.swift */; };
		B801887F286A9AD0009A6472 /* PDFCreator.swift in Sources */ = {isa = PBXBuildFile; fileRef = B801887E286A9AD0009A6472 /* PDFCreator.swift */; };
		B80D66E5286EBA84008D0FA8 /* ChatService.swift in Sources */ = {isa = PBXBuildFile; fileRef = B80D66E4286EBA84008D0FA8 /* ChatService.swift */; };
		B80D66E7286EBB02008D0FA8 /* Message.swift in Sources */ = {isa = PBXBuildFile; fileRef = B80D66E6286EBB02008D0FA8 /* Message.swift */; };
		B80D670B28704654008D0FA8 /* PostPageVideoCell.swift in Sources */ = {isa = PBXBuildFile; fileRef = B80D670A28704654008D0FA8 /* PostPageVideoCell.swift */; };
		B80D670D2872CB11008D0FA8 /* CacheManager.swift in Sources */ = {isa = PBXBuildFile; fileRef = B80D670C2872CB11008D0FA8 /* CacheManager.swift */; };
		B80D670F2873E17C008D0FA8 /* PolicyViewController.swift in Sources */ = {isa = PBXBuildFile; fileRef = B80D670E2873E17C008D0FA8 /* PolicyViewController.swift */; };
		B80D67112873E253008D0FA8 /* PolicyType.swift in Sources */ = {isa = PBXBuildFile; fileRef = B80D67102873E253008D0FA8 /* PolicyType.swift */; };
		B80D673528753DD9008D0FA8 /* ListMenuView.swift in Sources */ = {isa = PBXBuildFile; fileRef = B80D673428753DD9008D0FA8 /* ListMenuView.swift */; };
		B80D673728754B1F008D0FA8 /* ListMenuViewCellTableViewCell.swift in Sources */ = {isa = PBXBuildFile; fileRef = B80D673628754B1F008D0FA8 /* ListMenuViewCellTableViewCell.swift */; };
		B80D67392875C2A8008D0FA8 /* NotificationViewController.swift in Sources */ = {isa = PBXBuildFile; fileRef = B80D67382875C2A8008D0FA8 /* NotificationViewController.swift */; };
		B80D673B2875C5FF008D0FA8 /* NotificationTableViewCell.swift in Sources */ = {isa = PBXBuildFile; fileRef = B80D673A2875C5FF008D0FA8 /* NotificationTableViewCell.swift */; };
		B811E3FE28531135009C0838 /* AppDelegate.swift in Sources */ = {isa = PBXBuildFile; fileRef = B811E3FD28531135009C0838 /* AppDelegate.swift */; };
		B811E40028531135009C0838 /* SceneDelegate.swift in Sources */ = {isa = PBXBuildFile; fileRef = B811E3FF28531135009C0838 /* SceneDelegate.swift */; };
		B811E40228531135009C0838 /* MainTabController.swift in Sources */ = {isa = PBXBuildFile; fileRef = B811E40128531135009C0838 /* MainTabController.swift */; };
		B811E40528531135009C0838 /* Main.storyboard in Resources */ = {isa = PBXBuildFile; fileRef = B811E40328531135009C0838 /* Main.storyboard */; };
		B811E40728531136009C0838 /* Assets.xcassets in Resources */ = {isa = PBXBuildFile; fileRef = B811E40628531136009C0838 /* Assets.xcassets */; };
		B811E40A28531136009C0838 /* LaunchScreen.storyboard in Resources */ = {isa = PBXBuildFile; fileRef = B811E40828531136009C0838 /* LaunchScreen.storyboard */; };
		B8296B38286B0D2900EAAB99 /* MissingInputViewController.swift in Sources */ = {isa = PBXBuildFile; fileRef = B8296B37286B0D2900EAAB99 /* MissingInputViewController.swift */; };
		B8296B40286BF55100EAAB99 /* Lottie.swift in Sources */ = {isa = PBXBuildFile; fileRef = B8296B3F286BF55100EAAB99 /* Lottie.swift */; };
		B8296B42286BF79300EAAB99 /* loadingAnimation.json in Resources */ = {isa = PBXBuildFile; fileRef = B8296B41286BF79300EAAB99 /* loadingAnimation.json */; };
		B8296B4B286D6EA400EAAB99 /* ChatViewController.swift in Sources */ = {isa = PBXBuildFile; fileRef = B8296B4A286D6EA400EAAB99 /* ChatViewController.swift */; };
		B8296B4D286D6F0800EAAB99 /* ChatBubbleTableViewCell.swift in Sources */ = {isa = PBXBuildFile; fileRef = B8296B4C286D6F0800EAAB99 /* ChatBubbleTableViewCell.swift */; };
		B8296B4F286D73B300EAAB99 /* ChatRoomViewController.swift in Sources */ = {isa = PBXBuildFile; fileRef = B8296B4E286D73B300EAAB99 /* ChatRoomViewController.swift */; };
		B8296B51286D73CA00EAAB99 /* ChatRoomTableViewCell.swift in Sources */ = {isa = PBXBuildFile; fileRef = B8296B50286D73CA00EAAB99 /* ChatRoomTableViewCell.swift */; };
		B83666E32857675A00772375 /* FirebaseConstant.swift in Sources */ = {isa = PBXBuildFile; fileRef = B83666E22857675A00772375 /* FirebaseConstant.swift */; };
		B83666E528576E0900772375 /* TutorProfileMainTableViewCell.swift in Sources */ = {isa = PBXBuildFile; fileRef = B83666E428576E0900772375 /* TutorProfileMainTableViewCell.swift */; };
		B83666E828578E1B00772375 /* CustomUIElements.swift in Sources */ = {isa = PBXBuildFile; fileRef = B83666E728578E1B00772375 /* CustomUIElements.swift */; };
		B83D19BF285608770049846E /* UIFont+Extension.swift in Sources */ = {isa = PBXBuildFile; fileRef = B83D19BE285608770049846E /* UIFont+Extension.swift */; };
		B85959B1286EA5C700553592 /* MessageViewModel.swift in Sources */ = {isa = PBXBuildFile; fileRef = B85959B0286EA5C700553592 /* MessageViewModel.swift */; };
		B86943CB2858425B008021C9 /* TutorProfileClassTableViewCell.swift in Sources */ = {isa = PBXBuildFile; fileRef = B86943CA2858425B008021C9 /* TutorProfileClassTableViewCell.swift */; };
		B89AD401285E0B9900CCE027 /* ArticleDetailContentTableViewCell.swift in Sources */ = {isa = PBXBuildFile; fileRef = B89AD400285E0B9900CCE027 /* ArticleDetailContentTableViewCell.swift */; };
		B89AD403285ED15900CCE027 /* PostViewController.swift in Sources */ = {isa = PBXBuildFile; fileRef = B89AD402285ED15900CCE027 /* PostViewController.swift */; };
		B89AD405285ED2A700CCE027 /* EventViewController.swift in Sources */ = {isa = PBXBuildFile; fileRef = B89AD404285ED2A700CCE027 /* EventViewController.swift */; };
		B89AD407285EDEC400CCE027 /* EventListTableViewCell.swift in Sources */ = {isa = PBXBuildFile; fileRef = B89AD406285EDEC400CCE027 /* EventListTableViewCell.swift */; };
		B89AD40A285EEBE600CCE027 /* CreateEventViewController.swift in Sources */ = {isa = PBXBuildFile; fileRef = B89AD409285EEBE600CCE027 /* CreateEventViewController.swift */; };
		B89AD412286003DA00CCE027 /* CourseDetailViewController.swift in Sources */ = {isa = PBXBuildFile; fileRef = B89AD411286003DA00CCE027 /* CourseDetailViewController.swift */; };
		B8A8FDE82855CED100F98326 /* UIImage+Extension.swift in Sources */ = {isa = PBXBuildFile; fileRef = B8A8FDE72855CED100F98326 /* UIImage+Extension.swift */; };
		B8A8FDEB2855DBEF00F98326 /* Inter-Bold.ttf in Resources */ = {isa = PBXBuildFile; fileRef = B8A8FDE92855DBEF00F98326 /* Inter-Bold.ttf */; };
		B8A8FDEC2855DBEF00F98326 /* Inter-SemiBold.ttf in Resources */ = {isa = PBXBuildFile; fileRef = B8A8FDEA2855DBEF00F98326 /* Inter-SemiBold.ttf */; };
		B8A8FDEE2855DC1E00F98326 /* Manrope-Regular.ttf in Resources */ = {isa = PBXBuildFile; fileRef = B8A8FDED2855DC1E00F98326 /* Manrope-Regular.ttf */; };
		B8A8FDF22855E4D200F98326 /* Constraint.swift in Sources */ = {isa = PBXBuildFile; fileRef = B8A8FDF12855E4D200F98326 /* Constraint.swift */; };
		B8A8FDF42855E4EE00F98326 /* UIColor+Extension.swift in Sources */ = {isa = PBXBuildFile; fileRef = B8A8FDF32855E4EE00F98326 /* UIColor+Extension.swift */; };
		B8AB06042859F9F8002110A4 /* UserService.swift in Sources */ = {isa = PBXBuildFile; fileRef = B8AB06022859F9F8002110A4 /* UserService.swift */; };
		B8AB06052859F9F8002110A4 /* CourseService.swift in Sources */ = {isa = PBXBuildFile; fileRef = B8AB06032859F9F8002110A4 /* CourseService.swift */; };
		B8AB060C2859FA13002110A4 /* Posts.swift in Sources */ = {isa = PBXBuildFile; fileRef = B8AB06062859FA13002110A4 /* Posts.swift */; };
		B8AB060D2859FA13002110A4 /* Articles.swift in Sources */ = {isa = PBXBuildFile; fileRef = B8AB06072859FA13002110A4 /* Articles.swift */; };
		B8AB060E2859FA13002110A4 /* User.swift in Sources */ = {isa = PBXBuildFile; fileRef = B8AB06082859FA13002110A4 /* User.swift */; };
		B8AB06102859FA13002110A4 /* Courses.swift in Sources */ = {isa = PBXBuildFile; fileRef = B8AB060A2859FA13002110A4 /* Courses.swift */; };
		B8AB06112859FA13002110A4 /* Events.swift in Sources */ = {isa = PBXBuildFile; fileRef = B8AB060B2859FA13002110A4 /* Events.swift */; };
		B8AB0613285A04CC002110A4 /* TutorProfileClassTableViewHeader.swift in Sources */ = {isa = PBXBuildFile; fileRef = B8AB0612285A04CC002110A4 /* TutorProfileClassTableViewHeader.swift */; };
		B8AB0615285A0AC4002110A4 /* CreateCourseViewController.swift in Sources */ = {isa = PBXBuildFile; fileRef = B8AB0614285A0AC4002110A4 /* CreateCourseViewController.swift */; };
		B8AB061A285A2977002110A4 /* Subject.swift in Sources */ = {isa = PBXBuildFile; fileRef = B8AB0619285A2977002110A4 /* Subject.swift */; };
		B8AB063F285B088E002110A4 /* LoginViewController.swift in Sources */ = {isa = PBXBuildFile; fileRef = B8AB063E285B088E002110A4 /* LoginViewController.swift */; };
		B8AB0642285B0B3F002110A4 /* LoginService.swift in Sources */ = {isa = PBXBuildFile; fileRef = B8AB0641285B0B3F002110A4 /* LoginService.swift */; };
		B8AB0645285B2658002110A4 /* CalendarCollectionViewCell.swift in Sources */ = {isa = PBXBuildFile; fileRef = B8AB0644285B2658002110A4 /* CalendarCollectionViewCell.swift */; };
		B8AB0647285B2B49002110A4 /* CalendarHelper.swift in Sources */ = {isa = PBXBuildFile; fileRef = B8AB0646285B2B49002110A4 /* CalendarHelper.swift */; };
		B8AB0649285B565E002110A4 /* GeneralHeaderCollectionReusableView.swift in Sources */ = {isa = PBXBuildFile; fileRef = B8AB0648285B565E002110A4 /* GeneralHeaderCollectionReusableView.swift */; };
		B8AB064B285B5DE0002110A4 /* ScheduleCourseListTableCell.swift in Sources */ = {isa = PBXBuildFile; fileRef = B8AB064A285B5DE0002110A4 /* ScheduleCourseListTableCell.swift */; };
		B8AB064D285B84AF002110A4 /* SelectClassPresentationVController.swift in Sources */ = {isa = PBXBuildFile; fileRef = B8AB064C285B84AF002110A4 /* SelectClassPresentationVController.swift */; };
		B8AB064F285B88F2002110A4 /* SelectClassBottomSheetViewController.swift in Sources */ = {isa = PBXBuildFile; fileRef = B8AB064E285B88F2002110A4 /* SelectClassBottomSheetViewController.swift */; };
		B8AB0652285C8F36002110A4 /* SignUpViewController.swift in Sources */ = {isa = PBXBuildFile; fileRef = B8AB0651285C8F36002110A4 /* SignUpViewController.swift */; };
		B8AB0654285CB4FB002110A4 /* ProfileViewController.swift in Sources */ = {isa = PBXBuildFile; fileRef = B8AB0653285CB4FB002110A4 /* ProfileViewController.swift */; };
		B8AB0656285CCAB0002110A4 /* WritePostViewController.swift in Sources */ = {isa = PBXBuildFile; fileRef = B8AB0655285CCAB0002110A4 /* WritePostViewController.swift */; };
		B8AB0658285CD05E002110A4 /* CaptionTextView.swift in Sources */ = {isa = PBXBuildFile; fileRef = B8AB0657285CD05E002110A4 /* CaptionTextView.swift */; };
		B8AB065A285D7D15002110A4 /* PostService.swift in Sources */ = {isa = PBXBuildFile; fileRef = B8AB0659285D7D15002110A4 /* PostService.swift */; };
		B8AB065C285DA0B0002110A4 /* ArticleService.swift in Sources */ = {isa = PBXBuildFile; fileRef = B8AB065B285DA0B0002110A4 /* ArticleService.swift */; };
		B8AB065E285DA567002110A4 /* ArticlePageTableViewCell.swift in Sources */ = {isa = PBXBuildFile; fileRef = B8AB065D285DA567002110A4 /* ArticlePageTableViewCell.swift */; };
		B8AB0661285DA60E002110A4 /* ArticlePageCollectionViewCell.swift in Sources */ = {isa = PBXBuildFile; fileRef = B8AB0660285DA60E002110A4 /* ArticlePageCollectionViewCell.swift */; };
		B8AB0663285DAD7E002110A4 /* WriteArticleViewController.swift in Sources */ = {isa = PBXBuildFile; fileRef = B8AB0662285DAD7E002110A4 /* WriteArticleViewController.swift */; };
		B8AB0665285DB54C002110A4 /* ArticleTextView.swift in Sources */ = {isa = PBXBuildFile; fileRef = B8AB0664285DB54C002110A4 /* ArticleTextView.swift */; };
		B8AB0667285DF3B4002110A4 /* EventService.swift in Sources */ = {isa = PBXBuildFile; fileRef = B8AB0666285DF3B4002110A4 /* EventService.swift */; };
		B8AB0669285DFBB8002110A4 /* ArticleDetailViewController.swift in Sources */ = {isa = PBXBuildFile; fileRef = B8AB0668285DFBB8002110A4 /* ArticleDetailViewController.swift */; };
		B8AB066B285E001B002110A4 /* ArticleDetailIntroTableViewCell.swift in Sources */ = {isa = PBXBuildFile; fileRef = B8AB066A285E001B002110A4 /* ArticleDetailIntroTableViewCell.swift */; };
		B8C7B3902857258D00CA7370 /* HomeViewController.swift in Sources */ = {isa = PBXBuildFile; fileRef = B8C7B38F2857258D00CA7370 /* HomeViewController.swift */; };
		B8C7B393285725E200CA7370 /* InteractionViewController.swift in Sources */ = {isa = PBXBuildFile; fileRef = B8C7B392285725E200CA7370 /* InteractionViewController.swift */; };
		B8C7B395285725F500CA7370 /* ArticleViewController.swift in Sources */ = {isa = PBXBuildFile; fileRef = B8C7B394285725F500CA7370 /* ArticleViewController.swift */; };
		B8C7B3972857260300CA7370 /* ScheduleViewController.swift in Sources */ = {isa = PBXBuildFile; fileRef = B8C7B3962857260300CA7370 /* ScheduleViewController.swift */; };
		B8C7B3992857260D00CA7370 /* TutorProfileViewController.swift in Sources */ = {isa = PBXBuildFile; fileRef = B8C7B3982857260D00CA7370 /* TutorProfileViewController.swift */; };
		B8CC5EAE285872F4004C5D7A /* HomePageTutorCollectionViewCell.swift in Sources */ = {isa = PBXBuildFile; fileRef = B8CC5EAD285872F4004C5D7A /* HomePageTutorCollectionViewCell.swift */; };
		B8CC5EB028588BD0004C5D7A /* GeneralTableViewHeader.swift in Sources */ = {isa = PBXBuildFile; fileRef = B8CC5EAF28588BD0004C5D7A /* GeneralTableViewHeader.swift */; };
		B8CC5EB2285979CA004C5D7A /* PostPageFeedCell.swift in Sources */ = {isa = PBXBuildFile; fileRef = B8CC5EB1285979CA004C5D7A /* PostPageFeedCell.swift */; };
		B8CC5EB528598D7C004C5D7A /* GoogleService-Info.plist in Resources */ = {isa = PBXBuildFile; fileRef = B8CC5EB428598D7C004C5D7A /* GoogleService-Info.plist */; };
		B8F352D02861A61F0068E87D /* ArticleListTableViewCell.swift in Sources */ = {isa = PBXBuildFile; fileRef = B8F352CF2861A61F0068E87D /* ArticleListTableViewCell.swift */; };
		B8F352D22861B9CF0068E87D /* PostCommentViewController.swift in Sources */ = {isa = PBXBuildFile; fileRef = B8F352D12861B9CF0068E87D /* PostCommentViewController.swift */; };
		B8F352D42861CA0F0068E87D /* PostCommentTableHeader.swift in Sources */ = {isa = PBXBuildFile; fileRef = B8F352D32861CA0F0068E87D /* PostCommentTableHeader.swift */; };
		B8F352D62861D1500068E87D /* PostCommentTableCellTableViewCell.swift in Sources */ = {isa = PBXBuildFile; fileRef = B8F352D52861D1500068E87D /* PostCommentTableCellTableViewCell.swift */; };
		B8F352DA2862DD0A0068E87D /* ScheduleEventListTableViewCell.swift in Sources */ = {isa = PBXBuildFile; fileRef = B8F352D92862DD0A0068E87D /* ScheduleEventListTableViewCell.swift */; };
		B8F352DC28631C080068E87D /* EditProfileViewController.swift in Sources */ = {isa = PBXBuildFile; fileRef = B8F352DB28631C080068E87D /* EditProfileViewController.swift */; };
		B8F352DE2863FED10068E87D /* BecomeTutorViewController.swift in Sources */ = {isa = PBXBuildFile; fileRef = B8F352DD2863FED10068E87D /* BecomeTutorViewController.swift */; };
		B8F352E2286446D90068E87D /* TutorProfileContentHeader.swift in Sources */ = {isa = PBXBuildFile; fileRef = B8F352E1286446D90068E87D /* TutorProfileContentHeader.swift */; };
		B8F352E4286468720068E87D /* ArticleListViewController.swift in Sources */ = {isa = PBXBuildFile; fileRef = B8F352E3286468720068E87D /* ArticleListViewController.swift */; };
		B8F99C252860129400B88244 /* CourseDetailListTableViewCell.swift in Sources */ = {isa = PBXBuildFile; fileRef = B8F99C242860129400B88244 /* CourseDetailListTableViewCell.swift */; };
		B8F99C27286030AE00B88244 /* CourseDetailIntroTableViewCell.swift in Sources */ = {isa = PBXBuildFile; fileRef = B8F99C26286030AE00B88244 /* CourseDetailIntroTableViewCell.swift */; };
		B8F99C292860625200B88244 /* MKMapView + Extension.swift in Sources */ = {isa = PBXBuildFile; fileRef = B8F99C282860625200B88244 /* MKMapView + Extension.swift */; };
		B8F99C2B286063D900B88244 /* MapViewController.swift in Sources */ = {isa = PBXBuildFile; fileRef = B8F99C2A286063D900B88244 /* MapViewController.swift */; };
		B8F99C2D2860750D00B88244 /* EventDetailViewController.swift in Sources */ = {isa = PBXBuildFile; fileRef = B8F99C2C2860750D00B88244 /* EventDetailViewController.swift */; };
		B8F99C2F2860760F00B88244 /* EventDetailListTableViewCell.swift in Sources */ = {isa = PBXBuildFile; fileRef = B8F99C2E2860760F00B88244 /* EventDetailListTableViewCell.swift */; };
		B8F99C312860766B00B88244 /* EventDetailContentTableViewCell.swift in Sources */ = {isa = PBXBuildFile; fileRef = B8F99C302860766B00B88244 /* EventDetailContentTableViewCell.swift */; };
		B8F99C3328607BA600B88244 /* CourseDetailTableViewHeader.swift in Sources */ = {isa = PBXBuildFile; fileRef = B8F99C3228607BA600B88244 /* CourseDetailTableViewHeader.swift */; };
		B8F99C3528607F6D00B88244 /* GeneralMapCellTableViewCell.swift in Sources */ = {isa = PBXBuildFile; fileRef = B8F99C3428607F6D00B88244 /* GeneralMapCellTableViewCell.swift */; };
		B8F99C372860A0C900B88244 /* EventDetailTableViewHeader.swift in Sources */ = {isa = PBXBuildFile; fileRef = B8F99C362860A0C900B88244 /* EventDetailTableViewHeader.swift */; };
/* End PBXBuildFile section */

/* Begin PBXFileReference section */
		2D15E286ACD9EED7E94C5765 /* Pods_Pro_Found.framework */ = {isa = PBXFileReference; explicitFileType = wrapper.framework; includeInIndex = 0; path = Pods_Pro_Found.framework; sourceTree = BUILT_PRODUCTS_DIR; };
		AB6B7E430449E4FF00D9FA9B /* Pods-Pro-Found.debug.xcconfig */ = {isa = PBXFileReference; includeInIndex = 1; lastKnownFileType = text.xcconfig; name = "Pods-Pro-Found.debug.xcconfig"; path = "Target Support Files/Pods-Pro-Found/Pods-Pro-Found.debug.xcconfig"; sourceTree = "<group>"; };
		B801886E2864AB8E009A6472 /* UserProfileListTableViewCell.swift */ = {isa = PBXFileReference; lastKnownFileType = sourcecode.swift; path = UserProfileListTableViewCell.swift; sourceTree = "<group>"; };
		B801887028657C5D009A6472 /* TutorListViewController.swift */ = {isa = PBXFileReference; lastKnownFileType = sourcecode.swift; path = TutorListViewController.swift; sourceTree = "<group>"; };
		B80188742866D114009A6472 /* ChooseSubjectUICollectionViewCell.swift */ = {isa = PBXFileReference; lastKnownFileType = sourcecode.swift; path = ChooseSubjectUICollectionViewCell.swift; sourceTree = "<group>"; };
		B80188762867350B009A6472 /* HudView.swift */ = {isa = PBXFileReference; lastKnownFileType = sourcecode.swift; path = HudView.swift; sourceTree = "<group>"; };
		B80188782868B6C0009A6472 /* InitialEditProfileVC.swift */ = {isa = PBXFileReference; lastKnownFileType = sourcecode.swift; path = InitialEditProfileVC.swift; sourceTree = "<group>"; };
		B801887C2869FC23009A6472 /* PopUpAskToLoginController.swift */ = {isa = PBXFileReference; lastKnownFileType = sourcecode.swift; path = PopUpAskToLoginController.swift; sourceTree = "<group>"; };
		B801887E286A9AD0009A6472 /* PDFCreator.swift */ = {isa = PBXFileReference; lastKnownFileType = sourcecode.swift; path = PDFCreator.swift; sourceTree = "<group>"; };
		B80D66E4286EBA84008D0FA8 /* ChatService.swift */ = {isa = PBXFileReference; lastKnownFileType = sourcecode.swift; path = ChatService.swift; sourceTree = "<group>"; };
		B80D66E6286EBB02008D0FA8 /* Message.swift */ = {isa = PBXFileReference; fileEncoding = 4; lastKnownFileType = sourcecode.swift; path = Message.swift; sourceTree = "<group>"; };
		B80D670A28704654008D0FA8 /* PostPageVideoCell.swift */ = {isa = PBXFileReference; lastKnownFileType = sourcecode.swift; path = PostPageVideoCell.swift; sourceTree = "<group>"; };
		B80D670C2872CB11008D0FA8 /* CacheManager.swift */ = {isa = PBXFileReference; lastKnownFileType = sourcecode.swift; path = CacheManager.swift; sourceTree = "<group>"; };
		B80D670E2873E17C008D0FA8 /* PolicyViewController.swift */ = {isa = PBXFileReference; lastKnownFileType = sourcecode.swift; path = PolicyViewController.swift; sourceTree = "<group>"; };
		B80D67102873E253008D0FA8 /* PolicyType.swift */ = {isa = PBXFileReference; lastKnownFileType = sourcecode.swift; path = PolicyType.swift; sourceTree = "<group>"; };
		B80D673428753DD9008D0FA8 /* ListMenuView.swift */ = {isa = PBXFileReference; lastKnownFileType = sourcecode.swift; path = ListMenuView.swift; sourceTree = "<group>"; };
		B80D673628754B1F008D0FA8 /* ListMenuViewCellTableViewCell.swift */ = {isa = PBXFileReference; lastKnownFileType = sourcecode.swift; path = ListMenuViewCellTableViewCell.swift; sourceTree = "<group>"; };
		B80D67382875C2A8008D0FA8 /* NotificationViewController.swift */ = {isa = PBXFileReference; lastKnownFileType = sourcecode.swift; path = NotificationViewController.swift; sourceTree = "<group>"; };
		B80D673A2875C5FF008D0FA8 /* NotificationTableViewCell.swift */ = {isa = PBXFileReference; lastKnownFileType = sourcecode.swift; path = NotificationTableViewCell.swift; sourceTree = "<group>"; };
		B811E3FA28531135009C0838 /* Pro-Found.app */ = {isa = PBXFileReference; explicitFileType = wrapper.application; includeInIndex = 0; path = "Pro-Found.app"; sourceTree = BUILT_PRODUCTS_DIR; };
		B811E3FD28531135009C0838 /* AppDelegate.swift */ = {isa = PBXFileReference; lastKnownFileType = sourcecode.swift; path = AppDelegate.swift; sourceTree = "<group>"; };
		B811E3FF28531135009C0838 /* SceneDelegate.swift */ = {isa = PBXFileReference; lastKnownFileType = sourcecode.swift; path = SceneDelegate.swift; sourceTree = "<group>"; };
		B811E40128531135009C0838 /* MainTabController.swift */ = {isa = PBXFileReference; lastKnownFileType = sourcecode.swift; path = MainTabController.swift; sourceTree = "<group>"; };
		B811E40428531135009C0838 /* Base */ = {isa = PBXFileReference; lastKnownFileType = file.storyboard; name = Base; path = Base.lproj/Main.storyboard; sourceTree = "<group>"; };
		B811E40628531136009C0838 /* Assets.xcassets */ = {isa = PBXFileReference; lastKnownFileType = folder.assetcatalog; path = Assets.xcassets; sourceTree = "<group>"; };
		B811E40928531136009C0838 /* Base */ = {isa = PBXFileReference; lastKnownFileType = file.storyboard; name = Base; path = Base.lproj/LaunchScreen.storyboard; sourceTree = "<group>"; };
		B811E40B28531136009C0838 /* Info.plist */ = {isa = PBXFileReference; lastKnownFileType = text.plist.xml; path = Info.plist; sourceTree = "<group>"; };
		B8296B37286B0D2900EAAB99 /* MissingInputViewController.swift */ = {isa = PBXFileReference; lastKnownFileType = sourcecode.swift; path = MissingInputViewController.swift; sourceTree = "<group>"; };
		B8296B3F286BF55100EAAB99 /* Lottie.swift */ = {isa = PBXFileReference; lastKnownFileType = sourcecode.swift; path = Lottie.swift; sourceTree = "<group>"; };
		B8296B41286BF79300EAAB99 /* loadingAnimation.json */ = {isa = PBXFileReference; fileEncoding = 4; lastKnownFileType = text.json; path = loadingAnimation.json; sourceTree = "<group>"; };
		B8296B4A286D6EA400EAAB99 /* ChatViewController.swift */ = {isa = PBXFileReference; lastKnownFileType = sourcecode.swift; path = ChatViewController.swift; sourceTree = "<group>"; };
		B8296B4C286D6F0800EAAB99 /* ChatBubbleTableViewCell.swift */ = {isa = PBXFileReference; lastKnownFileType = sourcecode.swift; path = ChatBubbleTableViewCell.swift; sourceTree = "<group>"; };
		B8296B4E286D73B300EAAB99 /* ChatRoomViewController.swift */ = {isa = PBXFileReference; lastKnownFileType = sourcecode.swift; path = ChatRoomViewController.swift; sourceTree = "<group>"; };
		B8296B50286D73CA00EAAB99 /* ChatRoomTableViewCell.swift */ = {isa = PBXFileReference; lastKnownFileType = sourcecode.swift; path = ChatRoomTableViewCell.swift; sourceTree = "<group>"; };
		B83666E22857675A00772375 /* FirebaseConstant.swift */ = {isa = PBXFileReference; lastKnownFileType = sourcecode.swift; path = FirebaseConstant.swift; sourceTree = "<group>"; };
		B83666E428576E0900772375 /* TutorProfileMainTableViewCell.swift */ = {isa = PBXFileReference; lastKnownFileType = sourcecode.swift; path = TutorProfileMainTableViewCell.swift; sourceTree = "<group>"; };
		B83666E728578E1B00772375 /* CustomUIElements.swift */ = {isa = PBXFileReference; lastKnownFileType = sourcecode.swift; path = CustomUIElements.swift; sourceTree = "<group>"; };
		B83D19BE285608770049846E /* UIFont+Extension.swift */ = {isa = PBXFileReference; lastKnownFileType = sourcecode.swift; path = "UIFont+Extension.swift"; sourceTree = "<group>"; };
		B85959B0286EA5C700553592 /* MessageViewModel.swift */ = {isa = PBXFileReference; lastKnownFileType = sourcecode.swift; path = MessageViewModel.swift; sourceTree = "<group>"; };
		B86943CA2858425B008021C9 /* TutorProfileClassTableViewCell.swift */ = {isa = PBXFileReference; lastKnownFileType = sourcecode.swift; path = TutorProfileClassTableViewCell.swift; sourceTree = "<group>"; };
		B89AD400285E0B9900CCE027 /* ArticleDetailContentTableViewCell.swift */ = {isa = PBXFileReference; lastKnownFileType = sourcecode.swift; path = ArticleDetailContentTableViewCell.swift; sourceTree = "<group>"; };
		B89AD402285ED15900CCE027 /* PostViewController.swift */ = {isa = PBXFileReference; lastKnownFileType = sourcecode.swift; path = PostViewController.swift; sourceTree = "<group>"; };
		B89AD404285ED2A700CCE027 /* EventViewController.swift */ = {isa = PBXFileReference; lastKnownFileType = sourcecode.swift; path = EventViewController.swift; sourceTree = "<group>"; };
		B89AD406285EDEC400CCE027 /* EventListTableViewCell.swift */ = {isa = PBXFileReference; lastKnownFileType = sourcecode.swift; path = EventListTableViewCell.swift; sourceTree = "<group>"; };
		B89AD409285EEBE600CCE027 /* CreateEventViewController.swift */ = {isa = PBXFileReference; lastKnownFileType = sourcecode.swift; path = CreateEventViewController.swift; sourceTree = "<group>"; };
		B89AD410285F8FF400CCE027 /* Pro-Found.entitlements */ = {isa = PBXFileReference; lastKnownFileType = text.plist.entitlements; path = "Pro-Found.entitlements"; sourceTree = "<group>"; };
		B89AD411286003DA00CCE027 /* CourseDetailViewController.swift */ = {isa = PBXFileReference; lastKnownFileType = sourcecode.swift; path = CourseDetailViewController.swift; sourceTree = "<group>"; };
		B8A8FDE72855CED100F98326 /* UIImage+Extension.swift */ = {isa = PBXFileReference; lastKnownFileType = sourcecode.swift; path = "UIImage+Extension.swift"; sourceTree = "<group>"; };
		B8A8FDE92855DBEF00F98326 /* Inter-Bold.ttf */ = {isa = PBXFileReference; lastKnownFileType = file; path = "Inter-Bold.ttf"; sourceTree = "<group>"; };
		B8A8FDEA2855DBEF00F98326 /* Inter-SemiBold.ttf */ = {isa = PBXFileReference; lastKnownFileType = file; path = "Inter-SemiBold.ttf"; sourceTree = "<group>"; };
		B8A8FDED2855DC1E00F98326 /* Manrope-Regular.ttf */ = {isa = PBXFileReference; lastKnownFileType = file; path = "Manrope-Regular.ttf"; sourceTree = "<group>"; };
		B8A8FDF12855E4D200F98326 /* Constraint.swift */ = {isa = PBXFileReference; lastKnownFileType = sourcecode.swift; path = Constraint.swift; sourceTree = "<group>"; };
		B8A8FDF32855E4EE00F98326 /* UIColor+Extension.swift */ = {isa = PBXFileReference; lastKnownFileType = sourcecode.swift; path = "UIColor+Extension.swift"; sourceTree = "<group>"; };
		B8AB06022859F9F8002110A4 /* UserService.swift */ = {isa = PBXFileReference; fileEncoding = 4; lastKnownFileType = sourcecode.swift; path = UserService.swift; sourceTree = "<group>"; };
		B8AB06032859F9F8002110A4 /* CourseService.swift */ = {isa = PBXFileReference; fileEncoding = 4; lastKnownFileType = sourcecode.swift; path = CourseService.swift; sourceTree = "<group>"; };
		B8AB06062859FA13002110A4 /* Posts.swift */ = {isa = PBXFileReference; fileEncoding = 4; lastKnownFileType = sourcecode.swift; path = Posts.swift; sourceTree = "<group>"; };
		B8AB06072859FA13002110A4 /* Articles.swift */ = {isa = PBXFileReference; fileEncoding = 4; lastKnownFileType = sourcecode.swift; path = Articles.swift; sourceTree = "<group>"; };
		B8AB06082859FA13002110A4 /* User.swift */ = {isa = PBXFileReference; fileEncoding = 4; lastKnownFileType = sourcecode.swift; path = User.swift; sourceTree = "<group>"; };
		B8AB060A2859FA13002110A4 /* Courses.swift */ = {isa = PBXFileReference; fileEncoding = 4; lastKnownFileType = sourcecode.swift; path = Courses.swift; sourceTree = "<group>"; };
		B8AB060B2859FA13002110A4 /* Events.swift */ = {isa = PBXFileReference; fileEncoding = 4; lastKnownFileType = sourcecode.swift; path = Events.swift; sourceTree = "<group>"; };
		B8AB0612285A04CC002110A4 /* TutorProfileClassTableViewHeader.swift */ = {isa = PBXFileReference; lastKnownFileType = sourcecode.swift; path = TutorProfileClassTableViewHeader.swift; sourceTree = "<group>"; };
		B8AB0614285A0AC4002110A4 /* CreateCourseViewController.swift */ = {isa = PBXFileReference; lastKnownFileType = sourcecode.swift; path = CreateCourseViewController.swift; sourceTree = "<group>"; };
		B8AB0619285A2977002110A4 /* Subject.swift */ = {isa = PBXFileReference; lastKnownFileType = sourcecode.swift; path = Subject.swift; sourceTree = "<group>"; };
		B8AB063E285B088E002110A4 /* LoginViewController.swift */ = {isa = PBXFileReference; lastKnownFileType = sourcecode.swift; path = LoginViewController.swift; sourceTree = "<group>"; };
		B8AB0641285B0B3F002110A4 /* LoginService.swift */ = {isa = PBXFileReference; lastKnownFileType = sourcecode.swift; path = LoginService.swift; sourceTree = "<group>"; };
		B8AB0644285B2658002110A4 /* CalendarCollectionViewCell.swift */ = {isa = PBXFileReference; lastKnownFileType = sourcecode.swift; path = CalendarCollectionViewCell.swift; sourceTree = "<group>"; };
		B8AB0646285B2B49002110A4 /* CalendarHelper.swift */ = {isa = PBXFileReference; lastKnownFileType = sourcecode.swift; path = CalendarHelper.swift; sourceTree = "<group>"; };
		B8AB0648285B565E002110A4 /* GeneralHeaderCollectionReusableView.swift */ = {isa = PBXFileReference; lastKnownFileType = sourcecode.swift; path = GeneralHeaderCollectionReusableView.swift; sourceTree = "<group>"; };
		B8AB064A285B5DE0002110A4 /* ScheduleCourseListTableCell.swift */ = {isa = PBXFileReference; lastKnownFileType = sourcecode.swift; path = ScheduleCourseListTableCell.swift; sourceTree = "<group>"; };
		B8AB064C285B84AF002110A4 /* SelectClassPresentationVController.swift */ = {isa = PBXFileReference; lastKnownFileType = sourcecode.swift; path = SelectClassPresentationVController.swift; sourceTree = "<group>"; };
		B8AB064E285B88F2002110A4 /* SelectClassBottomSheetViewController.swift */ = {isa = PBXFileReference; lastKnownFileType = sourcecode.swift; path = SelectClassBottomSheetViewController.swift; sourceTree = "<group>"; };
		B8AB0651285C8F36002110A4 /* SignUpViewController.swift */ = {isa = PBXFileReference; lastKnownFileType = sourcecode.swift; path = SignUpViewController.swift; sourceTree = "<group>"; };
		B8AB0653285CB4FB002110A4 /* ProfileViewController.swift */ = {isa = PBXFileReference; lastKnownFileType = sourcecode.swift; path = ProfileViewController.swift; sourceTree = "<group>"; };
		B8AB0655285CCAB0002110A4 /* WritePostViewController.swift */ = {isa = PBXFileReference; lastKnownFileType = sourcecode.swift; path = WritePostViewController.swift; sourceTree = "<group>"; };
		B8AB0657285CD05E002110A4 /* CaptionTextView.swift */ = {isa = PBXFileReference; lastKnownFileType = sourcecode.swift; path = CaptionTextView.swift; sourceTree = "<group>"; };
		B8AB0659285D7D15002110A4 /* PostService.swift */ = {isa = PBXFileReference; lastKnownFileType = sourcecode.swift; path = PostService.swift; sourceTree = "<group>"; };
		B8AB065B285DA0B0002110A4 /* ArticleService.swift */ = {isa = PBXFileReference; lastKnownFileType = sourcecode.swift; path = ArticleService.swift; sourceTree = "<group>"; };
		B8AB065D285DA567002110A4 /* ArticlePageTableViewCell.swift */ = {isa = PBXFileReference; lastKnownFileType = sourcecode.swift; path = ArticlePageTableViewCell.swift; sourceTree = "<group>"; };
		B8AB0660285DA60E002110A4 /* ArticlePageCollectionViewCell.swift */ = {isa = PBXFileReference; lastKnownFileType = sourcecode.swift; path = ArticlePageCollectionViewCell.swift; sourceTree = "<group>"; };
		B8AB0662285DAD7E002110A4 /* WriteArticleViewController.swift */ = {isa = PBXFileReference; lastKnownFileType = sourcecode.swift; path = WriteArticleViewController.swift; sourceTree = "<group>"; };
		B8AB0664285DB54C002110A4 /* ArticleTextView.swift */ = {isa = PBXFileReference; lastKnownFileType = sourcecode.swift; path = ArticleTextView.swift; sourceTree = "<group>"; };
		B8AB0666285DF3B4002110A4 /* EventService.swift */ = {isa = PBXFileReference; lastKnownFileType = sourcecode.swift; path = EventService.swift; sourceTree = "<group>"; };
		B8AB0668285DFBB8002110A4 /* ArticleDetailViewController.swift */ = {isa = PBXFileReference; lastKnownFileType = sourcecode.swift; path = ArticleDetailViewController.swift; sourceTree = "<group>"; };
		B8AB066A285E001B002110A4 /* ArticleDetailIntroTableViewCell.swift */ = {isa = PBXFileReference; lastKnownFileType = sourcecode.swift; path = ArticleDetailIntroTableViewCell.swift; sourceTree = "<group>"; };
		B8C7B38F2857258D00CA7370 /* HomeViewController.swift */ = {isa = PBXFileReference; lastKnownFileType = sourcecode.swift; path = HomeViewController.swift; sourceTree = "<group>"; };
		B8C7B392285725E200CA7370 /* InteractionViewController.swift */ = {isa = PBXFileReference; lastKnownFileType = sourcecode.swift; path = InteractionViewController.swift; sourceTree = "<group>"; };
		B8C7B394285725F500CA7370 /* ArticleViewController.swift */ = {isa = PBXFileReference; lastKnownFileType = sourcecode.swift; path = ArticleViewController.swift; sourceTree = "<group>"; };
		B8C7B3962857260300CA7370 /* ScheduleViewController.swift */ = {isa = PBXFileReference; lastKnownFileType = sourcecode.swift; path = ScheduleViewController.swift; sourceTree = "<group>"; };
		B8C7B3982857260D00CA7370 /* TutorProfileViewController.swift */ = {isa = PBXFileReference; lastKnownFileType = sourcecode.swift; path = TutorProfileViewController.swift; sourceTree = "<group>"; };
		B8CC5EAD285872F4004C5D7A /* HomePageTutorCollectionViewCell.swift */ = {isa = PBXFileReference; lastKnownFileType = sourcecode.swift; path = HomePageTutorCollectionViewCell.swift; sourceTree = "<group>"; };
		B8CC5EAF28588BD0004C5D7A /* GeneralTableViewHeader.swift */ = {isa = PBXFileReference; lastKnownFileType = sourcecode.swift; path = GeneralTableViewHeader.swift; sourceTree = "<group>"; };
		B8CC5EB1285979CA004C5D7A /* PostPageFeedCell.swift */ = {isa = PBXFileReference; lastKnownFileType = sourcecode.swift; path = PostPageFeedCell.swift; sourceTree = "<group>"; };
		B8CC5EB428598D7C004C5D7A /* GoogleService-Info.plist */ = {isa = PBXFileReference; fileEncoding = 4; lastKnownFileType = text.plist.xml; path = "GoogleService-Info.plist"; sourceTree = "<group>"; };
		B8F352CF2861A61F0068E87D /* ArticleListTableViewCell.swift */ = {isa = PBXFileReference; lastKnownFileType = sourcecode.swift; path = ArticleListTableViewCell.swift; sourceTree = "<group>"; };
		B8F352D12861B9CF0068E87D /* PostCommentViewController.swift */ = {isa = PBXFileReference; lastKnownFileType = sourcecode.swift; path = PostCommentViewController.swift; sourceTree = "<group>"; };
		B8F352D32861CA0F0068E87D /* PostCommentTableHeader.swift */ = {isa = PBXFileReference; lastKnownFileType = sourcecode.swift; path = PostCommentTableHeader.swift; sourceTree = "<group>"; };
		B8F352D52861D1500068E87D /* PostCommentTableCellTableViewCell.swift */ = {isa = PBXFileReference; lastKnownFileType = sourcecode.swift; path = PostCommentTableCellTableViewCell.swift; sourceTree = "<group>"; };
		B8F352D92862DD0A0068E87D /* ScheduleEventListTableViewCell.swift */ = {isa = PBXFileReference; lastKnownFileType = sourcecode.swift; path = ScheduleEventListTableViewCell.swift; sourceTree = "<group>"; };
		B8F352DB28631C080068E87D /* EditProfileViewController.swift */ = {isa = PBXFileReference; lastKnownFileType = sourcecode.swift; path = EditProfileViewController.swift; sourceTree = "<group>"; };
		B8F352DD2863FED10068E87D /* BecomeTutorViewController.swift */ = {isa = PBXFileReference; lastKnownFileType = sourcecode.swift; path = BecomeTutorViewController.swift; sourceTree = "<group>"; };
		B8F352E1286446D90068E87D /* TutorProfileContentHeader.swift */ = {isa = PBXFileReference; lastKnownFileType = sourcecode.swift; path = TutorProfileContentHeader.swift; sourceTree = "<group>"; };
		B8F352E3286468720068E87D /* ArticleListViewController.swift */ = {isa = PBXFileReference; lastKnownFileType = sourcecode.swift; path = ArticleListViewController.swift; sourceTree = "<group>"; };
		B8F99C242860129400B88244 /* CourseDetailListTableViewCell.swift */ = {isa = PBXFileReference; lastKnownFileType = sourcecode.swift; path = CourseDetailListTableViewCell.swift; sourceTree = "<group>"; };
		B8F99C26286030AE00B88244 /* CourseDetailIntroTableViewCell.swift */ = {isa = PBXFileReference; lastKnownFileType = sourcecode.swift; path = CourseDetailIntroTableViewCell.swift; sourceTree = "<group>"; };
		B8F99C282860625200B88244 /* MKMapView + Extension.swift */ = {isa = PBXFileReference; lastKnownFileType = sourcecode.swift; path = "MKMapView + Extension.swift"; sourceTree = "<group>"; };
		B8F99C2A286063D900B88244 /* MapViewController.swift */ = {isa = PBXFileReference; lastKnownFileType = sourcecode.swift; path = MapViewController.swift; sourceTree = "<group>"; };
		B8F99C2C2860750D00B88244 /* EventDetailViewController.swift */ = {isa = PBXFileReference; lastKnownFileType = sourcecode.swift; path = EventDetailViewController.swift; sourceTree = "<group>"; };
		B8F99C2E2860760F00B88244 /* EventDetailListTableViewCell.swift */ = {isa = PBXFileReference; lastKnownFileType = sourcecode.swift; path = EventDetailListTableViewCell.swift; sourceTree = "<group>"; };
		B8F99C302860766B00B88244 /* EventDetailContentTableViewCell.swift */ = {isa = PBXFileReference; lastKnownFileType = sourcecode.swift; path = EventDetailContentTableViewCell.swift; sourceTree = "<group>"; };
		B8F99C3228607BA600B88244 /* CourseDetailTableViewHeader.swift */ = {isa = PBXFileReference; lastKnownFileType = sourcecode.swift; path = CourseDetailTableViewHeader.swift; sourceTree = "<group>"; };
		B8F99C3428607F6D00B88244 /* GeneralMapCellTableViewCell.swift */ = {isa = PBXFileReference; lastKnownFileType = sourcecode.swift; path = GeneralMapCellTableViewCell.swift; sourceTree = "<group>"; };
		B8F99C362860A0C900B88244 /* EventDetailTableViewHeader.swift */ = {isa = PBXFileReference; lastKnownFileType = sourcecode.swift; path = EventDetailTableViewHeader.swift; sourceTree = "<group>"; };
		DCCA7A9A952A4B666B6667CE /* Pods-Pro-Found.release.xcconfig */ = {isa = PBXFileReference; includeInIndex = 1; lastKnownFileType = text.xcconfig; name = "Pods-Pro-Found.release.xcconfig"; path = "Target Support Files/Pods-Pro-Found/Pods-Pro-Found.release.xcconfig"; sourceTree = "<group>"; };
/* End PBXFileReference section */

/* Begin PBXFrameworksBuildPhase section */
		B811E3F728531135009C0838 /* Frameworks */ = {
			isa = PBXFrameworksBuildPhase;
			buildActionMask = 2147483647;
			files = (
				23206CC249DEE39ADAB6F49E /* Pods_Pro_Found.framework in Frameworks */,
			);
			runOnlyForDeploymentPostprocessing = 0;
		};
/* End PBXFrameworksBuildPhase section */

/* Begin PBXGroup section */
		94870A20119C6AA0684F9B42 /* Pods */ = {
			isa = PBXGroup;
			children = (
				AB6B7E430449E4FF00D9FA9B /* Pods-Pro-Found.debug.xcconfig */,
				DCCA7A9A952A4B666B6667CE /* Pods-Pro-Found.release.xcconfig */,
			);
			path = Pods;
			sourceTree = "<group>";
		};
		B801886D2864AB72009A6472 /* UserProfileVCViews */ = {
			isa = PBXGroup;
			children = (
				B801886E2864AB8E009A6472 /* UserProfileListTableViewCell.swift */,
				B80188742866D114009A6472 /* ChooseSubjectUICollectionViewCell.swift */,
			);
			path = UserProfileVCViews;
			sourceTree = "<group>";
		};
		B811E3F128531135009C0838 = {
			isa = PBXGroup;
			children = (
				B811E3FC28531135009C0838 /* Pro-Found */,
				B8CC5EB428598D7C004C5D7A /* GoogleService-Info.plist */,
				B811E3FB28531135009C0838 /* Products */,
				94870A20119C6AA0684F9B42 /* Pods */,
				ECDCBF75BD00DCA462970A65 /* Frameworks */,
			);
			sourceTree = "<group>";
		};
		B811E3FB28531135009C0838 /* Products */ = {
			isa = PBXGroup;
			children = (
				B811E3FA28531135009C0838 /* Pro-Found.app */,
			);
			name = Products;
			sourceTree = "<group>";
		};
		B811E3FC28531135009C0838 /* Pro-Found */ = {
			isa = PBXGroup;
			children = (
				B89AD410285F8FF400CCE027 /* Pro-Found.entitlements */,
				B811E40B28531136009C0838 /* Info.plist */,
				B811E3FD28531135009C0838 /* AppDelegate.swift */,
				B811E3FF28531135009C0838 /* SceneDelegate.swift */,
				B8AB06012859F9F8002110A4 /* API Manager */,
				B8A8FDE62855CE6E00F98326 /* Extensions */,
				B8AB0650285B91CE002110A4 /* Helpers */,
				B83666E628576E1000772375 /* Views */,
				B8C7B3912857259800CA7370 /* Controllers */,
				B86943CC28584DB6008021C9 /* Models */,
				B8A8FDF02855DC2E00F98326 /* Resources */,
			);
			path = "Pro-Found";
			sourceTree = "<group>";
		};
		B8296B49286D2C9E00EAAB99 /* SupplementaryController */ = {
			isa = PBXGroup;
			children = (
				B8AB064C285B84AF002110A4 /* SelectClassPresentationVController.swift */,
				B801887C2869FC23009A6472 /* PopUpAskToLoginController.swift */,
				B8296B37286B0D2900EAAB99 /* MissingInputViewController.swift */,
			);
			path = SupplementaryController;
			sourceTree = "<group>";
		};
		B83666E628576E1000772375 /* Views */ = {
			isa = PBXGroup;
			children = (
				B811E40328531135009C0838 /* Main.storyboard */,
				B811E40828531136009C0838 /* LaunchScreen.storyboard */,
				B8CC5EAF28588BD0004C5D7A /* GeneralTableViewHeader.swift */,
				B8AB0648285B565E002110A4 /* GeneralHeaderCollectionReusableView.swift */,
				B8F99C3428607F6D00B88244 /* GeneralMapCellTableViewCell.swift */,
				B86943D12858670D008021C9 /* HomePageVCViews */,
				B8CC5EB3285979D2004C5D7A /* InteractionVCViews */,
				B8AB065F285DA56A002110A4 /* ArticlePageVCViews */,
				B8AB0643285B2633002110A4 /* SchedulePageVCViews */,
				B83666EE285841A400772375 /* TutorProfileviewVCViews */,
				B801886D2864AB72009A6472 /* UserProfileVCViews */,
			);
			path = Views;
			sourceTree = "<group>";
		};
		B83666EE285841A400772375 /* TutorProfileviewVCViews */ = {
			isa = PBXGroup;
			children = (
				B8AB0612285A04CC002110A4 /* TutorProfileClassTableViewHeader.swift */,
				B83666E428576E0900772375 /* TutorProfileMainTableViewCell.swift */,
				B86943CA2858425B008021C9 /* TutorProfileClassTableViewCell.swift */,
				B8F99C3228607BA600B88244 /* CourseDetailTableViewHeader.swift */,
				B8F352E1286446D90068E87D /* TutorProfileContentHeader.swift */,
				B8F99C242860129400B88244 /* CourseDetailListTableViewCell.swift */,
				B8F99C26286030AE00B88244 /* CourseDetailIntroTableViewCell.swift */,
				B8F352CF2861A61F0068E87D /* ArticleListTableViewCell.swift */,
			);
			path = TutorProfileviewVCViews;
			sourceTree = "<group>";
		};
		B86943CC28584DB6008021C9 /* Models */ = {
			isa = PBXGroup;
			children = (
				B8AB06072859FA13002110A4 /* Articles.swift */,
				B8AB060B2859FA13002110A4 /* Events.swift */,
				B8AB060A2859FA13002110A4 /* Courses.swift */,
				B8AB06062859FA13002110A4 /* Posts.swift */,
				B8AB06082859FA13002110A4 /* User.swift */,
				B80D66E6286EBB02008D0FA8 /* Message.swift */,
			);
			path = Models;
			sourceTree = "<group>";
		};
		B86943D12858670D008021C9 /* HomePageVCViews */ = {
			isa = PBXGroup;
			children = (
				B8CC5EAD285872F4004C5D7A /* HomePageTutorCollectionViewCell.swift */,
				B8296B50286D73CA00EAAB99 /* ChatRoomTableViewCell.swift */,
				B8296B4C286D6F0800EAAB99 /* ChatBubbleTableViewCell.swift */,
			);
			path = HomePageVCViews;
			sourceTree = "<group>";
		};
		B89AD408285EDF0B00CCE027 /* Interaction */ = {
			isa = PBXGroup;
			children = (
				B8C7B392285725E200CA7370 /* InteractionViewController.swift */,
				B89AD402285ED15900CCE027 /* PostViewController.swift */,
				B8F352D12861B9CF0068E87D /* PostCommentViewController.swift */,
				B8AB0655285CCAB0002110A4 /* WritePostViewController.swift */,
				B89AD404285ED2A700CCE027 /* EventViewController.swift */,
				B89AD409285EEBE600CCE027 /* CreateEventViewController.swift */,
			);
			path = Interaction;
			sourceTree = "<group>";
		};
		B89AD40B285EF89E00CCE027 /* Article */ = {
			isa = PBXGroup;
			children = (
				B8C7B394285725F500CA7370 /* ArticleViewController.swift */,
				B8F352E3286468720068E87D /* ArticleListViewController.swift */,
				B8AB0662285DAD7E002110A4 /* WriteArticleViewController.swift */,
				B8AB0668285DFBB8002110A4 /* ArticleDetailViewController.swift */,
			);
			path = Article;
			sourceTree = "<group>";
		};
		B89AD40C285EF8BB00CCE027 /* TutorProfile */ = {
			isa = PBXGroup;
			children = (
				B8C7B3982857260D00CA7370 /* TutorProfileViewController.swift */,
				B8AB0614285A0AC4002110A4 /* CreateCourseViewController.swift */,
				B8AB064E285B88F2002110A4 /* SelectClassBottomSheetViewController.swift */,
			);
			path = TutorProfile;
			sourceTree = "<group>";
		};
		B89AD40D285EF8D000CCE027 /* Schedule */ = {
			isa = PBXGroup;
			children = (
				B8C7B3962857260300CA7370 /* ScheduleViewController.swift */,
				B80D67382875C2A8008D0FA8 /* NotificationViewController.swift */,
			);
			path = Schedule;
			sourceTree = "<group>";
		};
		B89AD40E285EF8D600CCE027 /* UserProfile */ = {
			isa = PBXGroup;
			children = (
				B8AB0653285CB4FB002110A4 /* ProfileViewController.swift */,
				B8F352DB28631C080068E87D /* EditProfileViewController.swift */,
				B8F352DD2863FED10068E87D /* BecomeTutorViewController.swift */,
				B801887028657C5D009A6472 /* TutorListViewController.swift */,
				B80D670E2873E17C008D0FA8 /* PolicyViewController.swift */,
			);
			path = UserProfile;
			sourceTree = "<group>";
		};
		B89AD40F285EF8E200CCE027 /* Home */ = {
			isa = PBXGroup;
			children = (
				B8C7B38F2857258D00CA7370 /* HomeViewController.swift */,
				B8296B4E286D73B300EAAB99 /* ChatRoomViewController.swift */,
				B8296B4A286D6EA400EAAB99 /* ChatViewController.swift */,
				B85959B0286EA5C700553592 /* MessageViewModel.swift */,
			);
			path = Home;
			sourceTree = "<group>";
		};
		B8A8FDE62855CE6E00F98326 /* Extensions */ = {
			isa = PBXGroup;
			children = (
				B8A8FDE72855CED100F98326 /* UIImage+Extension.swift */,
				B83D19BE285608770049846E /* UIFont+Extension.swift */,
				B8A8FDF32855E4EE00F98326 /* UIColor+Extension.swift */,
				B8F99C282860625200B88244 /* MKMapView + Extension.swift */,
			);
			path = Extensions;
			sourceTree = "<group>";
		};
		B8A8FDEF2855DC2200F98326 /* Font */ = {
			isa = PBXGroup;
			children = (
				B8A8FDE92855DBEF00F98326 /* Inter-Bold.ttf */,
				B8A8FDEA2855DBEF00F98326 /* Inter-SemiBold.ttf */,
				B8A8FDED2855DC1E00F98326 /* Manrope-Regular.ttf */,
			);
			path = Font;
			sourceTree = "<group>";
		};
		B8A8FDF02855DC2E00F98326 /* Resources */ = {
			isa = PBXGroup;
			children = (
				B8A8FDEF2855DC2200F98326 /* Font */,
				B811E40628531136009C0838 /* Assets.xcassets */,
				B8296B41286BF79300EAAB99 /* loadingAnimation.json */,
			);
			path = Resources;
			sourceTree = "<group>";
		};
		B8AB06012859F9F8002110A4 /* API Manager */ = {
			isa = PBXGroup;
			children = (
				B8AB0641285B0B3F002110A4 /* LoginService.swift */,
				B8AB06022859F9F8002110A4 /* UserService.swift */,
				B8AB06032859F9F8002110A4 /* CourseService.swift */,
				B8AB0666285DF3B4002110A4 /* EventService.swift */,
				B8AB065B285DA0B0002110A4 /* ArticleService.swift */,
				B8AB0659285D7D15002110A4 /* PostService.swift */,
				B80D66E4286EBA84008D0FA8 /* ChatService.swift */,
				B80D670C2872CB11008D0FA8 /* CacheManager.swift */,
			);
			path = "API Manager";
			sourceTree = "<group>";
		};
		B8AB0640285B08A7002110A4 /* Authentication */ = {
			isa = PBXGroup;
			children = (
				B8AB063E285B088E002110A4 /* LoginViewController.swift */,
				B8AB0651285C8F36002110A4 /* SignUpViewController.swift */,
				B80188782868B6C0009A6472 /* InitialEditProfileVC.swift */,
			);
			path = Authentication;
			sourceTree = "<group>";
		};
		B8AB0643285B2633002110A4 /* SchedulePageVCViews */ = {
			isa = PBXGroup;
			children = (
				B8AB0644285B2658002110A4 /* CalendarCollectionViewCell.swift */,
				B8AB064A285B5DE0002110A4 /* ScheduleCourseListTableCell.swift */,
				B8F352D92862DD0A0068E87D /* ScheduleEventListTableViewCell.swift */,
				B80D673A2875C5FF008D0FA8 /* NotificationTableViewCell.swift */,
			);
			path = SchedulePageVCViews;
			sourceTree = "<group>";
		};
		B8AB0650285B91CE002110A4 /* Helpers */ = {
			isa = PBXGroup;
			children = (
				B83666E728578E1B00772375 /* CustomUIElements.swift */,
				B83666E22857675A00772375 /* FirebaseConstant.swift */,
				B8A8FDF12855E4D200F98326 /* Constraint.swift */,
				B8AB0619285A2977002110A4 /* Subject.swift */,
				B8AB0646285B2B49002110A4 /* CalendarHelper.swift */,
				B80188762867350B009A6472 /* HudView.swift */,
				B8296B3F286BF55100EAAB99 /* Lottie.swift */,
				B801887E286A9AD0009A6472 /* PDFCreator.swift */,
				B80D67102873E253008D0FA8 /* PolicyType.swift */,
			);
			path = Helpers;
			sourceTree = "<group>";
		};
		B8AB065F285DA56A002110A4 /* ArticlePageVCViews */ = {
			isa = PBXGroup;
			children = (
				B8AB0664285DB54C002110A4 /* ArticleTextView.swift */,
				B8AB065D285DA567002110A4 /* ArticlePageTableViewCell.swift */,
				B8AB0660285DA60E002110A4 /* ArticlePageCollectionViewCell.swift */,
				B8AB066A285E001B002110A4 /* ArticleDetailIntroTableViewCell.swift */,
				B89AD400285E0B9900CCE027 /* ArticleDetailContentTableViewCell.swift */,
				B80D673428753DD9008D0FA8 /* ListMenuView.swift */,
				B80D673628754B1F008D0FA8 /* ListMenuViewCellTableViewCell.swift */,
			);
			path = ArticlePageVCViews;
			sourceTree = "<group>";
		};
		B8C7B3912857259800CA7370 /* Controllers */ = {
			isa = PBXGroup;
			children = (
				B811E40128531135009C0838 /* MainTabController.swift */,
				B8F99C2A286063D900B88244 /* MapViewController.swift */,
				B8AB0640285B08A7002110A4 /* Authentication */,
				B89AD40F285EF8E200CCE027 /* Home */,
				B89AD408285EDF0B00CCE027 /* Interaction */,
				B89AD40B285EF89E00CCE027 /* Article */,
				B89AD40D285EF8D000CCE027 /* Schedule */,
				B89AD40C285EF8BB00CCE027 /* TutorProfile */,
				B89AD40E285EF8D600CCE027 /* UserProfile */,
				B89AD411286003DA00CCE027 /* CourseDetailViewController.swift */,
				B8F99C2C2860750D00B88244 /* EventDetailViewController.swift */,
				B8296B49286D2C9E00EAAB99 /* SupplementaryController */,
			);
			path = Controllers;
			sourceTree = "<group>";
		};
		B8CC5EB3285979D2004C5D7A /* InteractionVCViews */ = {
			isa = PBXGroup;
			children = (
				B8AB0657285CD05E002110A4 /* CaptionTextView.swift */,
				B8CC5EB1285979CA004C5D7A /* PostPageFeedCell.swift */,
				B80D670A28704654008D0FA8 /* PostPageVideoCell.swift */,
				B8F352D32861CA0F0068E87D /* PostCommentTableHeader.swift */,
				B8F352D52861D1500068E87D /* PostCommentTableCellTableViewCell.swift */,
				B89AD406285EDEC400CCE027 /* EventListTableViewCell.swift */,
				B8F99C362860A0C900B88244 /* EventDetailTableViewHeader.swift */,
				B8F99C2E2860760F00B88244 /* EventDetailListTableViewCell.swift */,
				B8F99C302860766B00B88244 /* EventDetailContentTableViewCell.swift */,
			);
			path = InteractionVCViews;
			sourceTree = "<group>";
		};
		ECDCBF75BD00DCA462970A65 /* Frameworks */ = {
			isa = PBXGroup;
			children = (
				2D15E286ACD9EED7E94C5765 /* Pods_Pro_Found.framework */,
			);
			name = Frameworks;
			sourceTree = "<group>";
		};
/* End PBXGroup section */

/* Begin PBXNativeTarget section */
		B811E3F928531135009C0838 /* Pro-Found */ = {
			isa = PBXNativeTarget;
			buildConfigurationList = B811E40E28531136009C0838 /* Build configuration list for PBXNativeTarget "Pro-Found" */;
			buildPhases = (
				5ED3ABE0A1F5654B629B8590 /* [CP] Check Pods Manifest.lock */,
				B811E3F628531135009C0838 /* Sources */,
				B811E3F728531135009C0838 /* Frameworks */,
				B811E3F828531135009C0838 /* Resources */,
				C66AA32A0B02DFE705224C32 /* [CP] Embed Pods Frameworks */,
			);
			buildRules = (
			);
			dependencies = (
			);
			name = "Pro-Found";
			productName = "Pro-Found";
			productReference = B811E3FA28531135009C0838 /* Pro-Found.app */;
			productType = "com.apple.product-type.application";
		};
/* End PBXNativeTarget section */

/* Begin PBXProject section */
		B811E3F228531135009C0838 /* Project object */ = {
			isa = PBXProject;
			attributes = {
				BuildIndependentTargetsInParallel = 1;
				LastSwiftUpdateCheck = 1340;
				LastUpgradeCheck = 1340;
				TargetAttributes = {
					B811E3F928531135009C0838 = {
						CreatedOnToolsVersion = 13.4.1;
					};
				};
			};
			buildConfigurationList = B811E3F528531135009C0838 /* Build configuration list for PBXProject "Pro-Found" */;
			compatibilityVersion = "Xcode 13.0";
			developmentRegion = en;
			hasScannedForEncodings = 0;
			knownRegions = (
				en,
				Base,
			);
			mainGroup = B811E3F128531135009C0838;
			productRefGroup = B811E3FB28531135009C0838 /* Products */;
			projectDirPath = "";
			projectRoot = "";
			targets = (
				B811E3F928531135009C0838 /* Pro-Found */,
			);
		};
/* End PBXProject section */

/* Begin PBXResourcesBuildPhase section */
		B811E3F828531135009C0838 /* Resources */ = {
			isa = PBXResourcesBuildPhase;
			buildActionMask = 2147483647;
			files = (
				B811E40A28531136009C0838 /* LaunchScreen.storyboard in Resources */,
				B811E40728531136009C0838 /* Assets.xcassets in Resources */,
				B8A8FDEE2855DC1E00F98326 /* Manrope-Regular.ttf in Resources */,
				B8296B42286BF79300EAAB99 /* loadingAnimation.json in Resources */,
				B8A8FDEB2855DBEF00F98326 /* Inter-Bold.ttf in Resources */,
				B8A8FDEC2855DBEF00F98326 /* Inter-SemiBold.ttf in Resources */,
				B811E40528531135009C0838 /* Main.storyboard in Resources */,
				B8CC5EB528598D7C004C5D7A /* GoogleService-Info.plist in Resources */,
			);
			runOnlyForDeploymentPostprocessing = 0;
		};
/* End PBXResourcesBuildPhase section */

/* Begin PBXShellScriptBuildPhase section */
		5ED3ABE0A1F5654B629B8590 /* [CP] Check Pods Manifest.lock */ = {
			isa = PBXShellScriptBuildPhase;
			buildActionMask = 2147483647;
			files = (
			);
			inputFileListPaths = (
			);
			inputPaths = (
				"${PODS_PODFILE_DIR_PATH}/Podfile.lock",
				"${PODS_ROOT}/Manifest.lock",
			);
			name = "[CP] Check Pods Manifest.lock";
			outputFileListPaths = (
			);
			outputPaths = (
				"$(DERIVED_FILE_DIR)/Pods-Pro-Found-checkManifestLockResult.txt",
			);
			runOnlyForDeploymentPostprocessing = 0;
			shellPath = /bin/sh;
			shellScript = "diff \"${PODS_PODFILE_DIR_PATH}/Podfile.lock\" \"${PODS_ROOT}/Manifest.lock\" > /dev/null\nif [ $? != 0 ] ; then\n    # print error to STDERR\n    echo \"error: The sandbox is not in sync with the Podfile.lock. Run 'pod install' or update your CocoaPods installation.\" >&2\n    exit 1\nfi\n# This output is used by Xcode 'outputs' to avoid re-running this script phase.\necho \"SUCCESS\" > \"${SCRIPT_OUTPUT_FILE_0}\"\n";
			showEnvVarsInLog = 0;
		};
		C66AA32A0B02DFE705224C32 /* [CP] Embed Pods Frameworks */ = {
			isa = PBXShellScriptBuildPhase;
			buildActionMask = 2147483647;
			files = (
			);
			inputFileListPaths = (
				"${PODS_ROOT}/Target Support Files/Pods-Pro-Found/Pods-Pro-Found-frameworks-${CONFIGURATION}-input-files.xcfilelist",
			);
			name = "[CP] Embed Pods Frameworks";
			outputFileListPaths = (
				"${PODS_ROOT}/Target Support Files/Pods-Pro-Found/Pods-Pro-Found-frameworks-${CONFIGURATION}-output-files.xcfilelist",
			);
			runOnlyForDeploymentPostprocessing = 0;
			shellPath = /bin/sh;
			shellScript = "\"${PODS_ROOT}/Target Support Files/Pods-Pro-Found/Pods-Pro-Found-frameworks.sh\"\n";
			showEnvVarsInLog = 0;
		};
/* End PBXShellScriptBuildPhase section */

/* Begin PBXSourcesBuildPhase section */
		B811E3F628531135009C0838 /* Sources */ = {
			isa = PBXSourcesBuildPhase;
			buildActionMask = 2147483647;
			files = (
				B8AB0663285DAD7E002110A4 /* WriteArticleViewController.swift in Sources */,
				B8AB060E2859FA13002110A4 /* User.swift in Sources */,
				B8A8FDE82855CED100F98326 /* UIImage+Extension.swift in Sources */,
				B8AB0665285DB54C002110A4 /* ArticleTextView.swift in Sources */,
				B89AD405285ED2A700CCE027 /* EventViewController.swift in Sources */,
				B8296B4B286D6EA400EAAB99 /* ChatViewController.swift in Sources */,
				B80188792868B6C0009A6472 /* InitialEditProfileVC.swift in Sources */,
				B8AB0661285DA60E002110A4 /* ArticlePageCollectionViewCell.swift in Sources */,
				B801886F2864AB8E009A6472 /* UserProfileListTableViewCell.swift in Sources */,
				B8F352D62861D1500068E87D /* PostCommentTableCellTableViewCell.swift in Sources */,
				B8F352E2286446D90068E87D /* TutorProfileContentHeader.swift in Sources */,
				B8AB060D2859FA13002110A4 /* Articles.swift in Sources */,
				B80D670F2873E17C008D0FA8 /* PolicyViewController.swift in Sources */,
				B8F99C312860766B00B88244 /* EventDetailContentTableViewCell.swift in Sources */,
				B8AB0613285A04CC002110A4 /* TutorProfileClassTableViewHeader.swift in Sources */,
				B8296B4D286D6F0800EAAB99 /* ChatBubbleTableViewCell.swift in Sources */,
				B8C7B393285725E200CA7370 /* InteractionViewController.swift in Sources */,
				B8F352DE2863FED10068E87D /* BecomeTutorViewController.swift in Sources */,
				B80D66E7286EBB02008D0FA8 /* Message.swift in Sources */,
				B89AD40A285EEBE600CCE027 /* CreateEventViewController.swift in Sources */,
				B8F352D22861B9CF0068E87D /* PostCommentViewController.swift in Sources */,
				B8AB064D285B84AF002110A4 /* SelectClassPresentationVController.swift in Sources */,
				B8AB0649285B565E002110A4 /* GeneralHeaderCollectionReusableView.swift in Sources */,
				B801887F286A9AD0009A6472 /* PDFCreator.swift in Sources */,
				B80D67392875C2A8008D0FA8 /* NotificationViewController.swift in Sources */,
				B80D673728754B1F008D0FA8 /* ListMenuViewCellTableViewCell.swift in Sources */,
				B83666E528576E0900772375 /* TutorProfileMainTableViewCell.swift in Sources */,
				B8F99C2B286063D900B88244 /* MapViewController.swift in Sources */,
				B8F99C2D2860750D00B88244 /* EventDetailViewController.swift in Sources */,
				B8F99C252860129400B88244 /* CourseDetailListTableViewCell.swift in Sources */,
				B8F352E4286468720068E87D /* ArticleListViewController.swift in Sources */,
				B89AD401285E0B9900CCE027 /* ArticleDetailContentTableViewCell.swift in Sources */,
				B8F99C2F2860760F00B88244 /* EventDetailListTableViewCell.swift in Sources */,
				B8CC5EB2285979CA004C5D7A /* PostPageFeedCell.swift in Sources */,
				B8F99C27286030AE00B88244 /* CourseDetailIntroTableViewCell.swift in Sources */,
				B8A8FDF42855E4EE00F98326 /* UIColor+Extension.swift in Sources */,
				B8296B40286BF55100EAAB99 /* Lottie.swift in Sources */,
				B89AD403285ED15900CCE027 /* PostViewController.swift in Sources */,
				B89AD407285EDEC400CCE027 /* EventListTableViewCell.swift in Sources */,
				B86943CB2858425B008021C9 /* TutorProfileClassTableViewCell.swift in Sources */,
				B8F352DC28631C080068E87D /* EditProfileViewController.swift in Sources */,
				B8AB065E285DA567002110A4 /* ArticlePageTableViewCell.swift in Sources */,
				B8AB060C2859FA13002110A4 /* Posts.swift in Sources */,
				B8F99C372860A0C900B88244 /* EventDetailTableViewHeader.swift in Sources */,
				B8AB0658285CD05E002110A4 /* CaptionTextView.swift in Sources */,
				B80188772867350B009A6472 /* HudView.swift in Sources */,
				B8AB06042859F9F8002110A4 /* UserService.swift in Sources */,
				B8296B4F286D73B300EAAB99 /* ChatRoomViewController.swift in Sources */,
				B8AB06052859F9F8002110A4 /* CourseService.swift in Sources */,
				B811E40228531135009C0838 /* MainTabController.swift in Sources */,
				B80D670B28704654008D0FA8 /* PostPageVideoCell.swift in Sources */,
				B8AB0667285DF3B4002110A4 /* EventService.swift in Sources */,
				B8C7B3902857258D00CA7370 /* HomeViewController.swift in Sources */,
				B8AB06102859FA13002110A4 /* Courses.swift in Sources */,
				B80D673B2875C5FF008D0FA8 /* NotificationTableViewCell.swift in Sources */,
				B801887128657C5D009A6472 /* TutorListViewController.swift in Sources */,
				B8AB0615285A0AC4002110A4 /* CreateCourseViewController.swift in Sources */,
				B8F352D42861CA0F0068E87D /* PostCommentTableHeader.swift in Sources */,
				B8AB066B285E001B002110A4 /* ArticleDetailIntroTableViewCell.swift in Sources */,
				B8F99C3328607BA600B88244 /* CourseDetailTableViewHeader.swift in Sources */,
				B80D673528753DD9008D0FA8 /* ListMenuView.swift in Sources */,
				B8F99C292860625200B88244 /* MKMapView + Extension.swift in Sources */,
				B8CC5EAE285872F4004C5D7A /* HomePageTutorCollectionViewCell.swift in Sources */,
				B83D19BF285608770049846E /* UIFont+Extension.swift in Sources */,
				B8C7B3992857260D00CA7370 /* TutorProfileViewController.swift in Sources */,
				B811E3FE28531135009C0838 /* AppDelegate.swift in Sources */,
				B8AB0645285B2658002110A4 /* CalendarCollectionViewCell.swift in Sources */,
				B8C7B395285725F500CA7370 /* ArticleViewController.swift in Sources */,
				B8F99C3528607F6D00B88244 /* GeneralMapCellTableViewCell.swift in Sources */,
				B89AD412286003DA00CCE027 /* CourseDetailViewController.swift in Sources */,
				B8AB0656285CCAB0002110A4 /* WritePostViewController.swift in Sources */,
				B8AB061A285A2977002110A4 /* Subject.swift in Sources */,
				B801887D2869FC23009A6472 /* PopUpAskToLoginController.swift in Sources */,
				B8AB065A285D7D15002110A4 /* PostService.swift in Sources */,
				B8A8FDF22855E4D200F98326 /* Constraint.swift in Sources */,
				B8AB0642285B0B3F002110A4 /* LoginService.swift in Sources */,
				B8AB064B285B5DE0002110A4 /* ScheduleCourseListTableCell.swift in Sources */,
				B83666E828578E1B00772375 /* CustomUIElements.swift in Sources */,
				B80D670D2872CB11008D0FA8 /* CacheManager.swift in Sources */,
				B8AB06112859FA13002110A4 /* Events.swift in Sources */,
				B8AB0647285B2B49002110A4 /* CalendarHelper.swift in Sources */,
				B8AB0669285DFBB8002110A4 /* ArticleDetailViewController.swift in Sources */,
				B8F352D02861A61F0068E87D /* ArticleListTableViewCell.swift in Sources */,
				B8296B38286B0D2900EAAB99 /* MissingInputViewController.swift in Sources */,
				B83666E32857675A00772375 /* FirebaseConstant.swift in Sources */,
				B8AB0652285C8F36002110A4 /* SignUpViewController.swift in Sources */,
				B8F352DA2862DD0A0068E87D /* ScheduleEventListTableViewCell.swift in Sources */,
				B8AB064F285B88F2002110A4 /* SelectClassBottomSheetViewController.swift in Sources */,
				B80188752866D114009A6472 /* ChooseSubjectUICollectionViewCell.swift in Sources */,
				B8AB063F285B088E002110A4 /* LoginViewController.swift in Sources */,
				B8C7B3972857260300CA7370 /* ScheduleViewController.swift in Sources */,
				B80D66E5286EBA84008D0FA8 /* ChatService.swift in Sources */,
				B8AB0654285CB4FB002110A4 /* ProfileViewController.swift in Sources */,
				B8296B51286D73CA00EAAB99 /* ChatRoomTableViewCell.swift in Sources */,
				B8AB065C285DA0B0002110A4 /* ArticleService.swift in Sources */,
				B85959B1286EA5C700553592 /* MessageViewModel.swift in Sources */,
				B80D67112873E253008D0FA8 /* PolicyType.swift in Sources */,
				B8CC5EB028588BD0004C5D7A /* GeneralTableViewHeader.swift in Sources */,
				B811E40028531135009C0838 /* SceneDelegate.swift in Sources */,
			);
			runOnlyForDeploymentPostprocessing = 0;
		};
/* End PBXSourcesBuildPhase section */

/* Begin PBXVariantGroup section */
		B811E40328531135009C0838 /* Main.storyboard */ = {
			isa = PBXVariantGroup;
			children = (
				B811E40428531135009C0838 /* Base */,
			);
			name = Main.storyboard;
			sourceTree = "<group>";
		};
		B811E40828531136009C0838 /* LaunchScreen.storyboard */ = {
			isa = PBXVariantGroup;
			children = (
				B811E40928531136009C0838 /* Base */,
			);
			name = LaunchScreen.storyboard;
			sourceTree = "<group>";
		};
/* End PBXVariantGroup section */

/* Begin XCBuildConfiguration section */
		B811E40C28531136009C0838 /* Debug */ = {
			isa = XCBuildConfiguration;
			buildSettings = {
				ALWAYS_SEARCH_USER_PATHS = NO;
				CLANG_ANALYZER_NONNULL = YES;
				CLANG_ANALYZER_NUMBER_OBJECT_CONVERSION = YES_AGGRESSIVE;
				CLANG_CXX_LANGUAGE_STANDARD = "gnu++17";
				CLANG_ENABLE_MODULES = YES;
				CLANG_ENABLE_OBJC_ARC = YES;
				CLANG_ENABLE_OBJC_WEAK = YES;
				CLANG_WARN_BLOCK_CAPTURE_AUTORELEASING = YES;
				CLANG_WARN_BOOL_CONVERSION = YES;
				CLANG_WARN_COMMA = YES;
				CLANG_WARN_CONSTANT_CONVERSION = YES;
				CLANG_WARN_DEPRECATED_OBJC_IMPLEMENTATIONS = YES;
				CLANG_WARN_DIRECT_OBJC_ISA_USAGE = YES_ERROR;
				CLANG_WARN_DOCUMENTATION_COMMENTS = YES;
				CLANG_WARN_EMPTY_BODY = YES;
				CLANG_WARN_ENUM_CONVERSION = YES;
				CLANG_WARN_INFINITE_RECURSION = YES;
				CLANG_WARN_INT_CONVERSION = YES;
				CLANG_WARN_NON_LITERAL_NULL_CONVERSION = YES;
				CLANG_WARN_OBJC_IMPLICIT_RETAIN_SELF = YES;
				CLANG_WARN_OBJC_LITERAL_CONVERSION = YES;
				CLANG_WARN_OBJC_ROOT_CLASS = YES_ERROR;
				CLANG_WARN_QUOTED_INCLUDE_IN_FRAMEWORK_HEADER = YES;
				CLANG_WARN_RANGE_LOOP_ANALYSIS = YES;
				CLANG_WARN_STRICT_PROTOTYPES = YES;
				CLANG_WARN_SUSPICIOUS_MOVE = YES;
				CLANG_WARN_UNGUARDED_AVAILABILITY = YES_AGGRESSIVE;
				CLANG_WARN_UNREACHABLE_CODE = YES;
				CLANG_WARN__DUPLICATE_METHOD_MATCH = YES;
				COPY_PHASE_STRIP = NO;
				DEBUG_INFORMATION_FORMAT = dwarf;
				ENABLE_STRICT_OBJC_MSGSEND = YES;
				ENABLE_TESTABILITY = YES;
				GCC_C_LANGUAGE_STANDARD = gnu11;
				GCC_DYNAMIC_NO_PIC = NO;
				GCC_NO_COMMON_BLOCKS = YES;
				GCC_OPTIMIZATION_LEVEL = 0;
				GCC_PREPROCESSOR_DEFINITIONS = (
					"DEBUG=1",
					"$(inherited)",
				);
				GCC_WARN_64_TO_32_BIT_CONVERSION = YES;
				GCC_WARN_ABOUT_RETURN_TYPE = YES_ERROR;
				GCC_WARN_UNDECLARED_SELECTOR = YES;
				GCC_WARN_UNINITIALIZED_AUTOS = YES_AGGRESSIVE;
				GCC_WARN_UNUSED_FUNCTION = YES;
				GCC_WARN_UNUSED_VARIABLE = YES;
				IPHONEOS_DEPLOYMENT_TARGET = 15.0;
				MTL_ENABLE_DEBUG_INFO = INCLUDE_SOURCE;
				MTL_FAST_MATH = YES;
				ONLY_ACTIVE_ARCH = YES;
				SDKROOT = iphoneos;
				SWIFT_ACTIVE_COMPILATION_CONDITIONS = DEBUG;
				SWIFT_OPTIMIZATION_LEVEL = "-Onone";
			};
			name = Debug;
		};
		B811E40D28531136009C0838 /* Release */ = {
			isa = XCBuildConfiguration;
			buildSettings = {
				ALWAYS_SEARCH_USER_PATHS = NO;
				CLANG_ANALYZER_NONNULL = YES;
				CLANG_ANALYZER_NUMBER_OBJECT_CONVERSION = YES_AGGRESSIVE;
				CLANG_CXX_LANGUAGE_STANDARD = "gnu++17";
				CLANG_ENABLE_MODULES = YES;
				CLANG_ENABLE_OBJC_ARC = YES;
				CLANG_ENABLE_OBJC_WEAK = YES;
				CLANG_WARN_BLOCK_CAPTURE_AUTORELEASING = YES;
				CLANG_WARN_BOOL_CONVERSION = YES;
				CLANG_WARN_COMMA = YES;
				CLANG_WARN_CONSTANT_CONVERSION = YES;
				CLANG_WARN_DEPRECATED_OBJC_IMPLEMENTATIONS = YES;
				CLANG_WARN_DIRECT_OBJC_ISA_USAGE = YES_ERROR;
				CLANG_WARN_DOCUMENTATION_COMMENTS = YES;
				CLANG_WARN_EMPTY_BODY = YES;
				CLANG_WARN_ENUM_CONVERSION = YES;
				CLANG_WARN_INFINITE_RECURSION = YES;
				CLANG_WARN_INT_CONVERSION = YES;
				CLANG_WARN_NON_LITERAL_NULL_CONVERSION = YES;
				CLANG_WARN_OBJC_IMPLICIT_RETAIN_SELF = YES;
				CLANG_WARN_OBJC_LITERAL_CONVERSION = YES;
				CLANG_WARN_OBJC_ROOT_CLASS = YES_ERROR;
				CLANG_WARN_QUOTED_INCLUDE_IN_FRAMEWORK_HEADER = YES;
				CLANG_WARN_RANGE_LOOP_ANALYSIS = YES;
				CLANG_WARN_STRICT_PROTOTYPES = YES;
				CLANG_WARN_SUSPICIOUS_MOVE = YES;
				CLANG_WARN_UNGUARDED_AVAILABILITY = YES_AGGRESSIVE;
				CLANG_WARN_UNREACHABLE_CODE = YES;
				CLANG_WARN__DUPLICATE_METHOD_MATCH = YES;
				COPY_PHASE_STRIP = NO;
				DEBUG_INFORMATION_FORMAT = "dwarf-with-dsym";
				ENABLE_NS_ASSERTIONS = NO;
				ENABLE_STRICT_OBJC_MSGSEND = YES;
				GCC_C_LANGUAGE_STANDARD = gnu11;
				GCC_NO_COMMON_BLOCKS = YES;
				GCC_WARN_64_TO_32_BIT_CONVERSION = YES;
				GCC_WARN_ABOUT_RETURN_TYPE = YES_ERROR;
				GCC_WARN_UNDECLARED_SELECTOR = YES;
				GCC_WARN_UNINITIALIZED_AUTOS = YES_AGGRESSIVE;
				GCC_WARN_UNUSED_FUNCTION = YES;
				GCC_WARN_UNUSED_VARIABLE = YES;
				IPHONEOS_DEPLOYMENT_TARGET = 15.0;
				MTL_ENABLE_DEBUG_INFO = NO;
				MTL_FAST_MATH = YES;
				SDKROOT = iphoneos;
				SWIFT_COMPILATION_MODE = wholemodule;
				SWIFT_OPTIMIZATION_LEVEL = "-O";
				VALIDATE_PRODUCT = YES;
			};
			name = Release;
		};
		B811E40F28531136009C0838 /* Debug */ = {
			isa = XCBuildConfiguration;
			baseConfigurationReference = AB6B7E430449E4FF00D9FA9B /* Pods-Pro-Found.debug.xcconfig */;
			buildSettings = {
				ASSETCATALOG_COMPILER_APPICON_NAME = AppIcon;
				ASSETCATALOG_COMPILER_GLOBAL_ACCENT_COLOR_NAME = AccentColor;
				CODE_SIGN_ENTITLEMENTS = "Pro-Found/Pro-Found.entitlements";
				CODE_SIGN_STYLE = Automatic;
				CURRENT_PROJECT_VERSION = 3;
				DEVELOPMENT_TEAM = 4JAU88YC33;
				GENERATE_INFOPLIST_FILE = YES;
				INFOPLIST_FILE = "Pro-Found/Info.plist";
				INFOPLIST_KEY_NSPhotoLibraryUsageDescription = "";
				INFOPLIST_KEY_UIApplicationSupportsIndirectInputEvents = YES;
				INFOPLIST_KEY_UILaunchStoryboardName = LaunchScreen;
				INFOPLIST_KEY_UIMainStoryboardFile = Main;
				INFOPLIST_KEY_UISupportedInterfaceOrientations = UIInterfaceOrientationPortrait;
				INFOPLIST_KEY_UISupportedInterfaceOrientations_iPad = "UIInterfaceOrientationPortrait UIInterfaceOrientationPortraitUpsideDown UIInterfaceOrientationLandscapeLeft UIInterfaceOrientationLandscapeRight";
				INFOPLIST_KEY_UISupportedInterfaceOrientations_iPhone = "UIInterfaceOrientationPortrait UIInterfaceOrientationLandscapeLeft UIInterfaceOrientationLandscapeRight";
				LD_RUNPATH_SEARCH_PATHS = (
					"$(inherited)",
					"@executable_path/Frameworks",
				);
				MARKETING_VERSION = 1.0.0;
				PRODUCT_BUNDLE_IDENTIFIER = "com.HsuehPeng.Pro-Found";
				PRODUCT_NAME = "$(TARGET_NAME)";
				SWIFT_EMIT_LOC_STRINGS = YES;
				SWIFT_VERSION = 5.0;
				TARGETED_DEVICE_FAMILY = "1,2";
			};
			name = Debug;
		};
		B811E41028531136009C0838 /* Release */ = {
			isa = XCBuildConfiguration;
			baseConfigurationReference = DCCA7A9A952A4B666B6667CE /* Pods-Pro-Found.release.xcconfig */;
			buildSettings = {
				ASSETCATALOG_COMPILER_APPICON_NAME = AppIcon;
				ASSETCATALOG_COMPILER_GLOBAL_ACCENT_COLOR_NAME = AccentColor;
				CODE_SIGN_ENTITLEMENTS = "Pro-Found/Pro-Found.entitlements";
				CODE_SIGN_STYLE = Automatic;
				CURRENT_PROJECT_VERSION = 3;
				DEVELOPMENT_TEAM = 4JAU88YC33;
				GENERATE_INFOPLIST_FILE = YES;
				INFOPLIST_FILE = "Pro-Found/Info.plist";
				INFOPLIST_KEY_NSPhotoLibraryUsageDescription = "";
				INFOPLIST_KEY_UIApplicationSupportsIndirectInputEvents = YES;
				INFOPLIST_KEY_UILaunchStoryboardName = LaunchScreen;
				INFOPLIST_KEY_UIMainStoryboardFile = Main;
				INFOPLIST_KEY_UISupportedInterfaceOrientations = UIInterfaceOrientationPortrait;
				INFOPLIST_KEY_UISupportedInterfaceOrientations_iPad = "UIInterfaceOrientationPortrait UIInterfaceOrientationPortraitUpsideDown UIInterfaceOrientationLandscapeLeft UIInterfaceOrientationLandscapeRight";
				INFOPLIST_KEY_UISupportedInterfaceOrientations_iPhone = "UIInterfaceOrientationPortrait UIInterfaceOrientationLandscapeLeft UIInterfaceOrientationLandscapeRight";
				LD_RUNPATH_SEARCH_PATHS = (
					"$(inherited)",
					"@executable_path/Frameworks",
				);
				MARKETING_VERSION = 1.0.0;
				PRODUCT_BUNDLE_IDENTIFIER = "com.HsuehPeng.Pro-Found";
				PRODUCT_NAME = "$(TARGET_NAME)";
				SWIFT_EMIT_LOC_STRINGS = YES;
				SWIFT_VERSION = 5.0;
				TARGETED_DEVICE_FAMILY = "1,2";
			};
			name = Release;
		};
/* End XCBuildConfiguration section */

/* Begin XCConfigurationList section */
		B811E3F528531135009C0838 /* Build configuration list for PBXProject "Pro-Found" */ = {
			isa = XCConfigurationList;
			buildConfigurations = (
				B811E40C28531136009C0838 /* Debug */,
				B811E40D28531136009C0838 /* Release */,
			);
			defaultConfigurationIsVisible = 0;
			defaultConfigurationName = Release;
		};
		B811E40E28531136009C0838 /* Build configuration list for PBXNativeTarget "Pro-Found" */ = {
			isa = XCConfigurationList;
			buildConfigurations = (
				B811E40F28531136009C0838 /* Debug */,
				B811E41028531136009C0838 /* Release */,
			);
			defaultConfigurationIsVisible = 0;
			defaultConfigurationName = Release;
		};
/* End XCConfigurationList section */
	};
	rootObject = B811E3F228531135009C0838 /* Project object */;
}
